// !$*UTF8*$!
{
	archiveVersion = 1;
	classes = {
	};
	objectVersion = 48;
	objects = {

/* Begin PBXBuildFile section */
		10688EA52A1D9203C4DCDA82 /* Pods_RunCoin.framework in Frameworks */ = {isa = PBXBuildFile; fileRef = 2324BC8B30C64FD6A5212EAB /* Pods_RunCoin.framework */; };
		B00C2A162062BBA90074AD44 /* EnterPhotoViewController.swift in Sources */ = {isa = PBXBuildFile; fileRef = B00C2A152062BBA90074AD44 /* EnterPhotoViewController.swift */; };
		B023D7F320503DA600491C39 /* AppDelegate.swift in Sources */ = {isa = PBXBuildFile; fileRef = B023D7F220503DA600491C39 /* AppDelegate.swift */; };
		B023D7F520503DA600491C39 /* EmailLogInViewController.swift in Sources */ = {isa = PBXBuildFile; fileRef = B023D7F420503DA600491C39 /* EmailLogInViewController.swift */; };
		B023D7F820503DA600491C39 /* Main.storyboard in Resources */ = {isa = PBXBuildFile; fileRef = B023D7F620503DA600491C39 /* Main.storyboard */; };
		B023D7FA20503DA600491C39 /* Assets.xcassets in Resources */ = {isa = PBXBuildFile; fileRef = B023D7F920503DA600491C39 /* Assets.xcassets */; };
		B023D7FD20503DA600491C39 /* LaunchScreen.storyboard in Resources */ = {isa = PBXBuildFile; fileRef = B023D7FB20503DA600491C39 /* LaunchScreen.storyboard */; };
		B023D8092050418100491C39 /* SplashScreen.xcassets in Resources */ = {isa = PBXBuildFile; fileRef = B023D8082050418100491C39 /* SplashScreen.xcassets */; };
		B023D81F2050442D00491C39 /* nunito in Resources */ = {isa = PBXBuildFile; fileRef = B023D81E2050442D00491C39 /* nunito */; };
		B023D82120508BB200491C39 /* ProfileScreenAssets.xcassets in Resources */ = {isa = PBXBuildFile; fileRef = B023D82020508BB200491C39 /* ProfileScreenAssets.xcassets */; };
		B023D82320508DA100491C39 /* LoginScreen.xcassets in Resources */ = {isa = PBXBuildFile; fileRef = B023D82220508DA100491C39 /* LoginScreen.xcassets */; };
		B023D82520509D6500491C39 /* LoginViewController.swift in Sources */ = {isa = PBXBuildFile; fileRef = B023D82420509D6500491C39 /* LoginViewController.swift */; };
		B07A7D052065675B00DE33DE /* StartRunViewController.swift in Sources */ = {isa = PBXBuildFile; fileRef = B07A7D042065675B00DE33DE /* StartRunViewController.swift */; };
		B07A7D072069612E00DE33DE /* GoogleService-Info.plist in Resources */ = {isa = PBXBuildFile; fileRef = B07A7D062069612E00DE33DE /* GoogleService-Info.plist */; };
/* End PBXBuildFile section */

/* Begin PBXFileReference section */
		2324BC8B30C64FD6A5212EAB /* Pods_RunCoin.framework */ = {isa = PBXFileReference; explicitFileType = wrapper.framework; includeInIndex = 0; path = Pods_RunCoin.framework; sourceTree = BUILT_PRODUCTS_DIR; };
		3C9014EC65EEF13400AF0360 /* Pods-RunCoin.release.xcconfig */ = {isa = PBXFileReference; includeInIndex = 1; lastKnownFileType = text.xcconfig; name = "Pods-RunCoin.release.xcconfig"; path = "Pods/Target Support Files/Pods-RunCoin/Pods-RunCoin.release.xcconfig"; sourceTree = "<group>"; };
		A35DA6827AD14EB3CD371AD2 /* Pods-RunCoin.debug.xcconfig */ = {isa = PBXFileReference; includeInIndex = 1; lastKnownFileType = text.xcconfig; name = "Pods-RunCoin.debug.xcconfig"; path = "Pods/Target Support Files/Pods-RunCoin/Pods-RunCoin.debug.xcconfig"; sourceTree = "<group>"; };
		B006F517207E63720045E5E0 /* RunCoin.entitlements */ = {isa = PBXFileReference; lastKnownFileType = text.plist.entitlements; path = RunCoin.entitlements; sourceTree = "<group>"; };
		B00C2A152062BBA90074AD44 /* EnterPhotoViewController.swift */ = {isa = PBXFileReference; lastKnownFileType = sourcecode.swift; path = EnterPhotoViewController.swift; sourceTree = "<group>"; };
		B023D7EF20503DA600491C39 /* RunCoin.app */ = {isa = PBXFileReference; explicitFileType = wrapper.application; includeInIndex = 0; path = RunCoin.app; sourceTree = BUILT_PRODUCTS_DIR; };
		B023D7F220503DA600491C39 /* AppDelegate.swift */ = {isa = PBXFileReference; lastKnownFileType = sourcecode.swift; path = AppDelegate.swift; sourceTree = "<group>"; };
		B023D7F420503DA600491C39 /* EmailLogInViewController.swift */ = {isa = PBXFileReference; lastKnownFileType = sourcecode.swift; path = EmailLogInViewController.swift; sourceTree = "<group>"; };
		B023D7F720503DA600491C39 /* Base */ = {isa = PBXFileReference; lastKnownFileType = file.storyboard; name = Base; path = Base.lproj/Main.storyboard; sourceTree = "<group>"; };
		B023D7F920503DA600491C39 /* Assets.xcassets */ = {isa = PBXFileReference; lastKnownFileType = folder.assetcatalog; path = Assets.xcassets; sourceTree = "<group>"; };
		B023D7FC20503DA600491C39 /* Base */ = {isa = PBXFileReference; lastKnownFileType = file.storyboard; name = Base; path = Base.lproj/LaunchScreen.storyboard; sourceTree = "<group>"; };
		B023D7FE20503DA600491C39 /* Info.plist */ = {isa = PBXFileReference; lastKnownFileType = text.plist.xml; path = Info.plist; sourceTree = "<group>"; };
		B023D8082050418100491C39 /* SplashScreen.xcassets */ = {isa = PBXFileReference; lastKnownFileType = folder.assetcatalog; path = SplashScreen.xcassets; sourceTree = "<group>"; };
		B023D81E2050442D00491C39 /* nunito */ = {isa = PBXFileReference; lastKnownFileType = folder; path = nunito; sourceTree = "<group>"; };
		B023D82020508BB200491C39 /* ProfileScreenAssets.xcassets */ = {isa = PBXFileReference; lastKnownFileType = folder.assetcatalog; path = ProfileScreenAssets.xcassets; sourceTree = "<group>"; };
		B023D82220508DA100491C39 /* LoginScreen.xcassets */ = {isa = PBXFileReference; lastKnownFileType = folder.assetcatalog; path = LoginScreen.xcassets; sourceTree = "<group>"; };
		B023D82420509D6500491C39 /* LoginViewController.swift */ = {isa = PBXFileReference; lastKnownFileType = sourcecode.swift; path = LoginViewController.swift; sourceTree = "<group>"; };
		B07A7D042065675B00DE33DE /* StartRunViewController.swift */ = {isa = PBXFileReference; lastKnownFileType = sourcecode.swift; path = StartRunViewController.swift; sourceTree = "<group>"; };
		B07A7D062069612E00DE33DE /* GoogleService-Info.plist */ = {isa = PBXFileReference; fileEncoding = 4; lastKnownFileType = text.plist.xml; path = "GoogleService-Info.plist"; sourceTree = "<group>"; };
/* End PBXFileReference section */

/* Begin PBXFrameworksBuildPhase section */
		B023D7EC20503DA600491C39 /* Frameworks */ = {
			isa = PBXFrameworksBuildPhase;
			buildActionMask = 2147483647;
			files = (
				10688EA52A1D9203C4DCDA82 /* Pods_RunCoin.framework in Frameworks */,
			);
			runOnlyForDeploymentPostprocessing = 0;
		};
/* End PBXFrameworksBuildPhase section */

/* Begin PBXGroup section */
		B023D7E620503DA600491C39 = {
			isa = PBXGroup;
			children = (
				B023D7F120503DA600491C39 /* RunCoin */,
				B023D8062050412A00491C39 /* Supporting Files */,
				C925BFAC59CEB415C7F80017 /* Pods */,
				EBDE6746ABE11891CD485317 /* Frameworks */,
			);
			sourceTree = "<group>";
		};
		B023D7F020503DA600491C39 /* Products */ = {
			isa = PBXGroup;
			children = (
				B023D7EF20503DA600491C39 /* RunCoin.app */,
			);
			name = Products;
			path = ..;
			sourceTree = "<group>";
		};
		B023D7F120503DA600491C39 /* RunCoin */ = {
			isa = PBXGroup;
			children = (
				B006F517207E63720045E5E0 /* RunCoin.entitlements */,
				B023D8072050415500491C39 /* Views */,
				B023D8052050410600491C39 /* StroyBoards */,
				B023D804205040EF00491C39 /* Image Assets */,
				B023D7FE20503DA600491C39 /* Info.plist */,
				B07A7D062069612E00DE33DE /* GoogleService-Info.plist */,
			);
			path = RunCoin;
			sourceTree = "<group>";
		};
		B023D804205040EF00491C39 /* Image Assets */ = {
			isa = PBXGroup;
			children = (
				B023D81E2050442D00491C39 /* nunito */,
				B023D7F920503DA600491C39 /* Assets.xcassets */,
				B023D8082050418100491C39 /* SplashScreen.xcassets */,
				B023D82020508BB200491C39 /* ProfileScreenAssets.xcassets */,
				B023D82220508DA100491C39 /* LoginScreen.xcassets */,
			);
			path = "Image Assets";
			sourceTree = "<group>";
		};
		B023D8052050410600491C39 /* StroyBoards */ = {
			isa = PBXGroup;
			children = (
				B023D7F620503DA600491C39 /* Main.storyboard */,
				B023D7FB20503DA600491C39 /* LaunchScreen.storyboard */,
			);
			path = StroyBoards;
			sourceTree = "<group>";
		};
		B023D8062050412A00491C39 /* Supporting Files */ = {
			isa = PBXGroup;
			children = (
				B023D7F020503DA600491C39 /* Products */,
			);
			path = "Supporting Files";
			sourceTree = "<group>";
		};
		B023D8072050415500491C39 /* Views */ = {
			isa = PBXGroup;
			children = (
				B023D7F220503DA600491C39 /* AppDelegate.swift */,
				B023D7F420503DA600491C39 /* EmailLogInViewController.swift */,
				B00C2A152062BBA90074AD44 /* EnterPhotoViewController.swift */,
				B023D82420509D6500491C39 /* LoginViewController.swift */,
				B07A7D042065675B00DE33DE /* StartRunViewController.swift */,
			);
			path = Views;
			sourceTree = "<group>";
		};
		C925BFAC59CEB415C7F80017 /* Pods */ = {
			isa = PBXGroup;
			children = (
				A35DA6827AD14EB3CD371AD2 /* Pods-RunCoin.debug.xcconfig */,
				3C9014EC65EEF13400AF0360 /* Pods-RunCoin.release.xcconfig */,
			);
			name = Pods;
			sourceTree = "<group>";
		};
		EBDE6746ABE11891CD485317 /* Frameworks */ = {
			isa = PBXGroup;
			children = (
				2324BC8B30C64FD6A5212EAB /* Pods_RunCoin.framework */,
			);
			name = Frameworks;
			sourceTree = "<group>";
		};
/* End PBXGroup section */

/* Begin PBXNativeTarget section */
		B023D7EE20503DA600491C39 /* RunCoin */ = {
			isa = PBXNativeTarget;
			buildConfigurationList = B023D80120503DA600491C39 /* Build configuration list for PBXNativeTarget "RunCoin" */;
			buildPhases = (
				063DE0E9D3EDC5E1088CD5EE /* [CP] Check Pods Manifest.lock */,
				B023D7EB20503DA600491C39 /* Sources */,
				B023D7EC20503DA600491C39 /* Frameworks */,
				B023D7ED20503DA600491C39 /* Resources */,
				269FC42937B8B65FF9FC956B /* [CP] Embed Pods Frameworks */,
				F7817B4B2622E876EEF47F4D /* [CP] Copy Pods Resources */,
			);
			buildRules = (
			);
			dependencies = (
			);
			name = RunCoin;
			productName = RunCoin;
			productReference = B023D7EF20503DA600491C39 /* RunCoin.app */;
			productType = "com.apple.product-type.application";
		};
/* End PBXNativeTarget section */

/* Begin PBXProject section */
		B023D7E720503DA600491C39 /* Project object */ = {
			isa = PBXProject;
			attributes = {
				LastSwiftUpdateCheck = 0920;
				LastUpgradeCheck = 0920;
				ORGANIZATIONNAME = "Roland Christensen";
				TargetAttributes = {
					B023D7EE20503DA600491C39 = {
						CreatedOnToolsVersion = 9.2;
						ProvisioningStyle = Automatic;
						SystemCapabilities = {
							com.apple.Keychain = {
								enabled = 1;
							};
						};
					};
				};
			};
			buildConfigurationList = B023D7EA20503DA600491C39 /* Build configuration list for PBXProject "RunCoin" */;
			compatibilityVersion = "Xcode 8.0";
			developmentRegion = en;
			hasScannedForEncodings = 0;
			knownRegions = (
				en,
				Base,
			);
			mainGroup = B023D7E620503DA600491C39;
			productRefGroup = B023D7F020503DA600491C39 /* Products */;
			projectDirPath = "";
			projectRoot = "";
			targets = (
				B023D7EE20503DA600491C39 /* RunCoin */,
			);
		};
/* End PBXProject section */

/* Begin PBXResourcesBuildPhase section */
		B023D7ED20503DA600491C39 /* Resources */ = {
			isa = PBXResourcesBuildPhase;
			buildActionMask = 2147483647;
			files = (
				B023D82320508DA100491C39 /* LoginScreen.xcassets in Resources */,
				B023D81F2050442D00491C39 /* nunito in Resources */,
				B023D8092050418100491C39 /* SplashScreen.xcassets in Resources */,
				B023D7FD20503DA600491C39 /* LaunchScreen.storyboard in Resources */,
				B023D7FA20503DA600491C39 /* Assets.xcassets in Resources */,
				B023D82120508BB200491C39 /* ProfileScreenAssets.xcassets in Resources */,
				B023D7F820503DA600491C39 /* Main.storyboard in Resources */,
				B07A7D072069612E00DE33DE /* GoogleService-Info.plist in Resources */,
			);
			runOnlyForDeploymentPostprocessing = 0;
		};
/* End PBXResourcesBuildPhase section */

/* Begin PBXShellScriptBuildPhase section */
		063DE0E9D3EDC5E1088CD5EE /* [CP] Check Pods Manifest.lock */ = {
			isa = PBXShellScriptBuildPhase;
			buildActionMask = 2147483647;
			files = (
			);
			inputPaths = (
				"${PODS_PODFILE_DIR_PATH}/Podfile.lock",
				"${PODS_ROOT}/Manifest.lock",
			);
			name = "[CP] Check Pods Manifest.lock";
			outputPaths = (
				"$(DERIVED_FILE_DIR)/Pods-RunCoin-checkManifestLockResult.txt",
			);
			runOnlyForDeploymentPostprocessing = 0;
			shellPath = /bin/sh;
			shellScript = "diff \"${PODS_PODFILE_DIR_PATH}/Podfile.lock\" \"${PODS_ROOT}/Manifest.lock\" > /dev/null\nif [ $? != 0 ] ; then\n    # print error to STDERR\n    echo \"error: The sandbox is not in sync with the Podfile.lock. Run 'pod install' or update your CocoaPods installation.\" >&2\n    exit 1\nfi\n# This output is used by Xcode 'outputs' to avoid re-running this script phase.\necho \"SUCCESS\" > \"${SCRIPT_OUTPUT_FILE_0}\"\n";
			showEnvVarsInLog = 0;
		};
		269FC42937B8B65FF9FC956B /* [CP] Embed Pods Frameworks */ = {
			isa = PBXShellScriptBuildPhase;
			buildActionMask = 2147483647;
			files = (
			);
			inputPaths = (
				"${SRCROOT}/Pods/Target Support Files/Pods-RunCoin/Pods-RunCoin-frameworks.sh",
				"${BUILT_PRODUCTS_DIR}/Bolts/Bolts.framework",
				"${BUILT_PRODUCTS_DIR}/FBSDKCoreKit/FBSDKCoreKit.framework",
				"${BUILT_PRODUCTS_DIR}/FBSDKLoginKit/FBSDKLoginKit.framework",
				"${BUILT_PRODUCTS_DIR}/FBSDKShareKit/FBSDKShareKit.framework",
				"${BUILT_PRODUCTS_DIR}/FacebookCore/FacebookCore.framework",
				"${BUILT_PRODUCTS_DIR}/FacebookLogin/FacebookLogin.framework",
				"${BUILT_PRODUCTS_DIR}/FacebookShare/FacebookShare.framework",
				"${BUILT_PRODUCTS_DIR}/GTMOAuth2/GTMOAuth2.framework",
				"${BUILT_PRODUCTS_DIR}/GTMSessionFetcher/GTMSessionFetcher.framework",
				"${BUILT_PRODUCTS_DIR}/GoogleToolboxForMac/GoogleToolboxForMac.framework",
				"${BUILT_PRODUCTS_DIR}/SVProgressHUD/SVProgressHUD.framework",
				"${BUILT_PRODUCTS_DIR}/SwiftyJSON/SwiftyJSON.framework",
				"${BUILT_PRODUCTS_DIR}/leveldb-library/leveldb.framework",
				"${BUILT_PRODUCTS_DIR}/nanopb/nanopb.framework",
			);
			name = "[CP] Embed Pods Frameworks";
			outputPaths = (
				"${TARGET_BUILD_DIR}/${FRAMEWORKS_FOLDER_PATH}/Bolts.framework",
				"${TARGET_BUILD_DIR}/${FRAMEWORKS_FOLDER_PATH}/FBSDKCoreKit.framework",
				"${TARGET_BUILD_DIR}/${FRAMEWORKS_FOLDER_PATH}/FBSDKLoginKit.framework",
				"${TARGET_BUILD_DIR}/${FRAMEWORKS_FOLDER_PATH}/FBSDKShareKit.framework",
				"${TARGET_BUILD_DIR}/${FRAMEWORKS_FOLDER_PATH}/FacebookCore.framework",
				"${TARGET_BUILD_DIR}/${FRAMEWORKS_FOLDER_PATH}/FacebookLogin.framework",
				"${TARGET_BUILD_DIR}/${FRAMEWORKS_FOLDER_PATH}/FacebookShare.framework",
				"${TARGET_BUILD_DIR}/${FRAMEWORKS_FOLDER_PATH}/GTMOAuth2.framework",
				"${TARGET_BUILD_DIR}/${FRAMEWORKS_FOLDER_PATH}/GTMSessionFetcher.framework",
				"${TARGET_BUILD_DIR}/${FRAMEWORKS_FOLDER_PATH}/GoogleToolboxForMac.framework",
				"${TARGET_BUILD_DIR}/${FRAMEWORKS_FOLDER_PATH}/SVProgressHUD.framework",
				"${TARGET_BUILD_DIR}/${FRAMEWORKS_FOLDER_PATH}/SwiftyJSON.framework",
				"${TARGET_BUILD_DIR}/${FRAMEWORKS_FOLDER_PATH}/leveldb.framework",
				"${TARGET_BUILD_DIR}/${FRAMEWORKS_FOLDER_PATH}/nanopb.framework",
			);
			runOnlyForDeploymentPostprocessing = 0;
			shellPath = /bin/sh;
			shellScript = "\"${SRCROOT}/Pods/Target Support Files/Pods-RunCoin/Pods-RunCoin-frameworks.sh\"\n";
			showEnvVarsInLog = 0;
		};
		F7817B4B2622E876EEF47F4D /* [CP] Copy Pods Resources */ = {
			isa = PBXShellScriptBuildPhase;
			buildActionMask = 2147483647;
			files = (
			);
			inputPaths = (
				"${SRCROOT}/Pods/Target Support Files/Pods-RunCoin/Pods-RunCoin-resources.sh",
				"${PODS_ROOT}/GoogleSignIn/Resources/GoogleSignIn.bundle",
			);
			name = "[CP] Copy Pods Resources";
			outputPaths = (
				"${TARGET_BUILD_DIR}/${UNLOCALIZED_RESOURCES_FOLDER_PATH}/GoogleSignIn.bundle",
			);
			runOnlyForDeploymentPostprocessing = 0;
			shellPath = /bin/sh;
			shellScript = "\"${SRCROOT}/Pods/Target Support Files/Pods-RunCoin/Pods-RunCoin-resources.sh\"\n";
			showEnvVarsInLog = 0;
		};
/* End PBXShellScriptBuildPhase section */

/* Begin PBXSourcesBuildPhase section */
		B023D7EB20503DA600491C39 /* Sources */ = {
			isa = PBXSourcesBuildPhase;
			buildActionMask = 2147483647;
			files = (
				B00C2A162062BBA90074AD44 /* EnterPhotoViewController.swift in Sources */,
				B023D82520509D6500491C39 /* LoginViewController.swift in Sources */,
				B023D7F520503DA600491C39 /* EmailLogInViewController.swift in Sources */,
				B023D7F320503DA600491C39 /* AppDelegate.swift in Sources */,
				B07A7D052065675B00DE33DE /* StartRunViewController.swift in Sources */,
			);
			runOnlyForDeploymentPostprocessing = 0;
		};
/* End PBXSourcesBuildPhase section */

/* Begin PBXVariantGroup section */
		B023D7F620503DA600491C39 /* Main.storyboard */ = {
			isa = PBXVariantGroup;
			children = (
				B023D7F720503DA600491C39 /* Base */,
			);
			name = Main.storyboard;
			sourceTree = "<group>";
		};
		B023D7FB20503DA600491C39 /* LaunchScreen.storyboard */ = {
			isa = PBXVariantGroup;
			children = (
				B023D7FC20503DA600491C39 /* Base */,
			);
			name = LaunchScreen.storyboard;
			sourceTree = "<group>";
		};
/* End PBXVariantGroup section */

/* Begin XCBuildConfiguration section */
		B023D7FF20503DA600491C39 /* Debug */ = {
			isa = XCBuildConfiguration;
			buildSettings = {
				ALWAYS_SEARCH_USER_PATHS = NO;
				CLANG_ANALYZER_NONNULL = YES;
				CLANG_ANALYZER_NUMBER_OBJECT_CONVERSION = YES_AGGRESSIVE;
				CLANG_CXX_LANGUAGE_STANDARD = "gnu++14";
				CLANG_CXX_LIBRARY = "libc++";
				CLANG_ENABLE_MODULES = YES;
				CLANG_ENABLE_OBJC_ARC = YES;
				CLANG_WARN_BLOCK_CAPTURE_AUTORELEASING = YES;
				CLANG_WARN_BOOL_CONVERSION = YES;
				CLANG_WARN_COMMA = YES;
				CLANG_WARN_CONSTANT_CONVERSION = YES;
				CLANG_WARN_DIRECT_OBJC_ISA_USAGE = YES_ERROR;
				CLANG_WARN_DOCUMENTATION_COMMENTS = YES;
				CLANG_WARN_EMPTY_BODY = YES;
				CLANG_WARN_ENUM_CONVERSION = YES;
				CLANG_WARN_INFINITE_RECURSION = YES;
				CLANG_WARN_INT_CONVERSION = YES;
				CLANG_WARN_NON_LITERAL_NULL_CONVERSION = YES;
				CLANG_WARN_OBJC_LITERAL_CONVERSION = YES;
				CLANG_WARN_OBJC_ROOT_CLASS = YES_ERROR;
				CLANG_WARN_RANGE_LOOP_ANALYSIS = YES;
				CLANG_WARN_STRICT_PROTOTYPES = YES;
				CLANG_WARN_SUSPICIOUS_MOVE = YES;
				CLANG_WARN_UNGUARDED_AVAILABILITY = YES_AGGRESSIVE;
				CLANG_WARN_UNREACHABLE_CODE = YES;
				CLANG_WARN__DUPLICATE_METHOD_MATCH = YES;
				CODE_SIGN_IDENTITY = "iPhone Developer";
				COPY_PHASE_STRIP = NO;
				DEBUG_INFORMATION_FORMAT = dwarf;
				ENABLE_STRICT_OBJC_MSGSEND = YES;
				ENABLE_TESTABILITY = YES;
				GCC_C_LANGUAGE_STANDARD = gnu11;
				GCC_DYNAMIC_NO_PIC = NO;
				GCC_NO_COMMON_BLOCKS = YES;
				GCC_OPTIMIZATION_LEVEL = 0;
				GCC_PREPROCESSOR_DEFINITIONS = (
					"DEBUG=1",
					"$(inherited)",
				);
				GCC_WARN_64_TO_32_BIT_CONVERSION = YES;
				GCC_WARN_ABOUT_RETURN_TYPE = YES_ERROR;
				GCC_WARN_UNDECLARED_SELECTOR = YES;
				GCC_WARN_UNINITIALIZED_AUTOS = YES_AGGRESSIVE;
				GCC_WARN_UNUSED_FUNCTION = YES;
				GCC_WARN_UNUSED_VARIABLE = YES;
				IPHONEOS_DEPLOYMENT_TARGET = 11.2;
				MTL_ENABLE_DEBUG_INFO = YES;
				ONLY_ACTIVE_ARCH = YES;
				SDKROOT = iphoneos;
				SWIFT_ACTIVE_COMPILATION_CONDITIONS = DEBUG;
				SWIFT_OPTIMIZATION_LEVEL = "-Onone";
			};
			name = Debug;
		};
		B023D80020503DA600491C39 /* Release */ = {
			isa = XCBuildConfiguration;
			buildSettings = {
				ALWAYS_SEARCH_USER_PATHS = NO;
				CLANG_ANALYZER_NONNULL = YES;
				CLANG_ANALYZER_NUMBER_OBJECT_CONVERSION = YES_AGGRESSIVE;
				CLANG_CXX_LANGUAGE_STANDARD = "gnu++14";
				CLANG_CXX_LIBRARY = "libc++";
				CLANG_ENABLE_MODULES = YES;
				CLANG_ENABLE_OBJC_ARC = YES;
				CLANG_WARN_BLOCK_CAPTURE_AUTORELEASING = YES;
				CLANG_WARN_BOOL_CONVERSION = YES;
				CLANG_WARN_COMMA = YES;
				CLANG_WARN_CONSTANT_CONVERSION = YES;
				CLANG_WARN_DIRECT_OBJC_ISA_USAGE = YES_ERROR;
				CLANG_WARN_DOCUMENTATION_COMMENTS = YES;
				CLANG_WARN_EMPTY_BODY = YES;
				CLANG_WARN_ENUM_CONVERSION = YES;
				CLANG_WARN_INFINITE_RECURSION = YES;
				CLANG_WARN_INT_CONVERSION = YES;
				CLANG_WARN_NON_LITERAL_NULL_CONVERSION = YES;
				CLANG_WARN_OBJC_LITERAL_CONVERSION = YES;
				CLANG_WARN_OBJC_ROOT_CLASS = YES_ERROR;
				CLANG_WARN_RANGE_LOOP_ANALYSIS = YES;
				CLANG_WARN_STRICT_PROTOTYPES = YES;
				CLANG_WARN_SUSPICIOUS_MOVE = YES;
				CLANG_WARN_UNGUARDED_AVAILABILITY = YES_AGGRESSIVE;
				CLANG_WARN_UNREACHABLE_CODE = YES;
				CLANG_WARN__DUPLICATE_METHOD_MATCH = YES;
				CODE_SIGN_IDENTITY = "iPhone Developer";
				COPY_PHASE_STRIP = NO;
				DEBUG_INFORMATION_FORMAT = "dwarf-with-dsym";
				ENABLE_NS_ASSERTIONS = NO;
				ENABLE_STRICT_OBJC_MSGSEND = YES;
				GCC_C_LANGUAGE_STANDARD = gnu11;
				GCC_NO_COMMON_BLOCKS = YES;
				GCC_WARN_64_TO_32_BIT_CONVERSION = YES;
				GCC_WARN_ABOUT_RETURN_TYPE = YES_ERROR;
				GCC_WARN_UNDECLARED_SELECTOR = YES;
				GCC_WARN_UNINITIALIZED_AUTOS = YES_AGGRESSIVE;
				GCC_WARN_UNUSED_FUNCTION = YES;
				GCC_WARN_UNUSED_VARIABLE = YES;
				IPHONEOS_DEPLOYMENT_TARGET = 11.2;
				MTL_ENABLE_DEBUG_INFO = NO;
				SDKROOT = iphoneos;
				SWIFT_OPTIMIZATION_LEVEL = "-Owholemodule";
				VALIDATE_PRODUCT = YES;
			};
			name = Release;
		};
		B023D80220503DA600491C39 /* Debug */ = {
			isa = XCBuildConfiguration;
			baseConfigurationReference = A35DA6827AD14EB3CD371AD2 /* Pods-RunCoin.debug.xcconfig */;
			buildSettings = {
				ASSETCATALOG_COMPILER_APPICON_NAME = AppIcon;
				CODE_SIGN_ENTITLEMENTS = RunCoin/RunCoin.entitlements;
				CODE_SIGN_STYLE = Automatic;
				DEVELOPMENT_TEAM = 88FE5FCGQV;
				INFOPLIST_FILE = RunCoin/Info.plist;
				LD_RUNPATH_SEARCH_PATHS = "$(inherited) @executable_path/Frameworks";
				PRODUCT_BUNDLE_IDENTIFIER = com.runslick.RunCoin;
				PRODUCT_NAME = "$(TARGET_NAME)";
				SWIFT_VERSION = 4.0;
				TARGETED_DEVICE_FAMILY = "1,2";
			};
			name = Debug;
		};
		B023D80320503DA600491C39 /* Release */ = {
			isa = XCBuildConfiguration;
			baseConfigurationReference = 3C9014EC65EEF13400AF0360 /* Pods-RunCoin.release.xcconfig */;
			buildSettings = {
				ASSETCATALOG_COMPILER_APPICON_NAME = AppIcon;
				CODE_SIGN_ENTITLEMENTS = RunCoin/RunCoin.entitlements;
				CODE_SIGN_STYLE = Automatic;
				DEVELOPMENT_TEAM = 88FE5FCGQV;
				INFOPLIST_FILE = RunCoin/Info.plist;
				LD_RUNPATH_SEARCH_PATHS = "$(inherited) @executable_path/Frameworks";
				PRODUCT_BUNDLE_IDENTIFIER = com.runslick.RunCoin;
				PRODUCT_NAME = "$(TARGET_NAME)";
				SWIFT_VERSION = 4.0;
				TARGETED_DEVICE_FAMILY = "1,2";
			};
			name = Release;
		};
/* End XCBuildConfiguration section */

/* Begin XCConfigurationList section */
		B023D7EA20503DA600491C39 /* Build configuration list for PBXProject "RunCoin" */ = {
			isa = XCConfigurationList;
			buildConfigurations = (
				B023D7FF20503DA600491C39 /* Debug */,
				B023D80020503DA600491C39 /* Release */,
			);
			defaultConfigurationIsVisible = 0;
			defaultConfigurationName = Release;
		};
		B023D80120503DA600491C39 /* Build configuration list for PBXNativeTarget "RunCoin" */ = {
			isa = XCConfigurationList;
			buildConfigurations = (
				B023D80220503DA600491C39 /* Debug */,
				B023D80320503DA600491C39 /* Release */,
			);
			defaultConfigurationIsVisible = 0;
			defaultConfigurationName = Release;
		};
/* End XCConfigurationList section */
	};
	rootObject = B023D7E720503DA600491C39 /* Project object */;
}
